
Microsoft Visual Studio Solution File, Format Version 12.00
# Visual Studio 15
VisualStudioVersion = 15.0.28010.2046
MinimumVisualStudioVersion = 10.0.40219.1
Project("{9A19103F-16F7-4668-BE54-9A1E7A4F7556}") = "final", "final.csproj", "{42F8D6E8-584B-4ACA-8D6C-1BB7CB5E74F0}"
EndProject
Global
	GlobalSection(SolutionConfigurationPlatforms) = preSolution
		Debug|Any CPU = Debug|Any CPU
		Release|Any CPU = Release|Any CPU
	EndGlobalSection
	GlobalSection(ProjectConfigurationPlatforms) = postSolution
		{42F8D6E8-584B-4ACA-8D6C-1BB7CB5E74F0}.Debug|Any CPU.ActiveCfg = Debug|Any CPU
		{42F8D6E8-584B-4ACA-8D6C-1BB7CB5E74F0}.Debug|Any CPU.Build.0 = Debug|Any CPU
		{42F8D6E8-584B-4ACA-8D6C-1BB7CB5E74F0}.Release|Any CPU.ActiveCfg = Release|Any CPU
		{42F8D6E8-584B-4ACA-8D6C-1BB7CB5E74F0}.Release|Any CPU.Build.0 = Release|Any CPU
	EndGlobalSection
	GlobalSection(SolutionProperties) = preSolution
		HideSolutionNode = FALSE
	EndGlobalSection
	GlobalSection(ExtensibilityGlobals) = postSolution
		SolutionGuid = {962F92CF-616B-4DFB-AC70-DE44A860B376}
	EndGlobalSection
EndGlobal
